// !$*UTF8*$!
{
	archiveVersion = 1;
	classes = {
	};
	objectVersion = 46;
	objects = {

/* Begin PBXBuildFile section */
		EA56D6831CE77E24009A22E5 /* AppDelegate.swift in Sources */ = {isa = PBXBuildFile; fileRef = EA56D6821CE77E24009A22E5 /* AppDelegate.swift */; };
		EA56D6851CE77E24009A22E5 /* ViewController.swift in Sources */ = {isa = PBXBuildFile; fileRef = EA56D6841CE77E24009A22E5 /* ViewController.swift */; };
		EA56D6881CE77E24009A22E5 /* Main.storyboard in Resources */ = {isa = PBXBuildFile; fileRef = EA56D6861CE77E24009A22E5 /* Main.storyboard */; };
		EA56D68A1CE77E24009A22E5 /* Assets.xcassets in Resources */ = {isa = PBXBuildFile; fileRef = EA56D6891CE77E24009A22E5 /* Assets.xcassets */; };
		EA56D68D1CE77E24009A22E5 /* LaunchScreen.storyboard in Resources */ = {isa = PBXBuildFile; fileRef = EA56D68B1CE77E24009A22E5 /* LaunchScreen.storyboard */; };
		EA56D6951CE7815E009A22E5 /* TableViewController.swift in Sources */ = {isa = PBXBuildFile; fileRef = EA56D6941CE7815E009A22E5 /* TableViewController.swift */; };
		EA56D6971CE78299009A22E5 /* CoreLocation.framework in Frameworks */ = {isa = PBXBuildFile; fileRef = EA56D6961CE78299009A22E5 /* CoreLocation.framework */; };
/* End PBXBuildFile section */

/* Begin PBXFileReference section */
		EA56D67F1CE77E24009A22E5 /* Summer Destination Wishlist.app */ = {isa = PBXFileReference; explicitFileType = wrapper.application; includeInIndex = 0; path = "Summer Destination Wishlist.app"; sourceTree = BUILT_PRODUCTS_DIR; };
		EA56D6821CE77E24009A22E5 /* AppDelegate.swift */ = {isa = PBXFileReference; lastKnownFileType = sourcecode.swift; path = AppDelegate.swift; sourceTree = "<group>"; };
		EA56D6841CE77E24009A22E5 /* ViewController.swift */ = {isa = PBXFileReference; lastKnownFileType = sourcecode.swift; path = ViewController.swift; sourceTree = "<group>"; };
		EA56D6871CE77E24009A22E5 /* Base */ = {isa = PBXFileReference; lastKnownFileType = file.storyboard; name = Base; path = Base.lproj/Main.storyboard; sourceTree = "<group>"; };
		EA56D6891CE77E24009A22E5 /* Assets.xcassets */ = {isa = PBXFileReference; lastKnownFileType = folder.assetcatalog; path = Assets.xcassets; sourceTree = "<group>"; };
		EA56D68C1CE77E24009A22E5 /* Base */ = {isa = PBXFileReference; lastKnownFileType = file.storyboard; name = Base; path = Base.lproj/LaunchScreen.storyboard; sourceTree = "<group>"; };
		EA56D68E1CE77E24009A22E5 /* Info.plist */ = {isa = PBXFileReference; lastKnownFileType = text.plist.xml; path = Info.plist; sourceTree = "<group>"; };
		EA56D6941CE7815E009A22E5 /* TableViewController.swift */ = {isa = PBXFileReference; fileEncoding = 4; lastKnownFileType = sourcecode.swift; path = TableViewController.swift; sourceTree = "<group>"; };
		EA56D6961CE78299009A22E5 /* CoreLocation.framework */ = {isa = PBXFileReference; lastKnownFileType = wrapper.framework; name = CoreLocation.framework; path = System/Library/Frameworks/CoreLocation.framework; sourceTree = SDKROOT; };
/* End PBXFileReference section */

/* Begin PBXFrameworksBuildPhase section */
		EA56D67C1CE77E24009A22E5 /* Frameworks */ = {
			isa = PBXFrameworksBuildPhase;
			buildActionMask = 2147483647;
			files = (
				EA56D6971CE78299009A22E5 /* CoreLocation.framework in Frameworks */,
			);
			runOnlyForDeploymentPostprocessing = 0;
		};
/* End PBXFrameworksBuildPhase section */

/* Begin PBXGroup section */
		EA56D6761CE77E24009A22E5 = {
			isa = PBXGroup;
			children = (
				EA56D6961CE78299009A22E5 /* CoreLocation.framework */,
				EA56D6811CE77E24009A22E5 /* Summer Destination Wishlist */,
				EA56D6801CE77E24009A22E5 /* Products */,
			);
			sourceTree = "<group>";
		};
		EA56D6801CE77E24009A22E5 /* Products */ = {
			isa = PBXGroup;
			children = (
				EA56D67F1CE77E24009A22E5 /* Summer Destination Wishlist.app */,
			);
			name = Products;
			sourceTree = "<group>";
		};
		EA56D6811CE77E24009A22E5 /* Summer Destination Wishlist */ = {
			isa = PBXGroup;
			children = (
				EA56D6821CE77E24009A22E5 /* AppDelegate.swift */,
				EA56D6841CE77E24009A22E5 /* ViewController.swift */,
				EA56D6861CE77E24009A22E5 /* Main.storyboard */,
				EA56D6941CE7815E009A22E5 /* TableViewController.swift */,
				EA56D6891CE77E24009A22E5 /* Assets.xcassets */,
				EA56D68B1CE77E24009A22E5 /* LaunchScreen.storyboard */,
				EA56D68E1CE77E24009A22E5 /* Info.plist */,
			);
			path = "Summer Destination Wishlist";
			sourceTree = "<group>";
		};
/* End PBXGroup section */

/* Begin PBXNativeTarget section */
		EA56D67E1CE77E24009A22E5 /* Summer Destination Wishlist */ = {
			isa = PBXNativeTarget;
			buildConfigurationList = EA56D6911CE77E24009A22E5 /* Build configuration list for PBXNativeTarget "Summer Destination Wishlist" */;
			buildPhases = (
				EA56D67B1CE77E24009A22E5 /* Sources */,
				EA56D67C1CE77E24009A22E5 /* Frameworks */,
				EA56D67D1CE77E24009A22E5 /* Resources */,
			);
			buildRules = (
			);
			dependencies = (
			);
			name = "Summer Destination Wishlist";
			productName = "Summer Destination Wishlist";
			productReference = EA56D67F1CE77E24009A22E5 /* Summer Destination Wishlist.app */;
			productType = "com.apple.product-type.application";
		};
/* End PBXNativeTarget section */

/* Begin PBXProject section */
		EA56D6771CE77E24009A22E5 /* Project object */ = {
			isa = PBXProject;
			attributes = {
				LastSwiftUpdateCheck = 0730;
				LastUpgradeCheck = 0730;
				ORGANIZATIONNAME = "Arul Ajmani";
				TargetAttributes = {
					EA56D67E1CE77E24009A22E5 = {
						CreatedOnToolsVersion = 7.3.1;
						DevelopmentTeam = TGXBBSK6A2;
					};
				};
			};
			buildConfigurationList = EA56D67A1CE77E24009A22E5 /* Build configuration list for PBXProject "Summer Destination Wishlist" */;
			compatibilityVersion = "Xcode 3.2";
			developmentRegion = English;
			hasScannedForEncodings = 0;
			knownRegions = (
				en,
				Base,
			);
			mainGroup = EA56D6761CE77E24009A22E5;
			productRefGroup = EA56D6801CE77E24009A22E5 /* Products */;
			projectDirPath = "";
			projectRoot = "";
			targets = (
				EA56D67E1CE77E24009A22E5 /* Summer Destination Wishlist */,
			);
		};
/* End PBXProject section */

/* Begin PBXResourcesBuildPhase section */
		EA56D67D1CE77E24009A22E5 /* Resources */ = {
			isa = PBXResourcesBuildPhase;
			buildActionMask = 2147483647;
			files = (
				EA56D68D1CE77E24009A22E5 /* LaunchScreen.storyboard in Resources */,
				EA56D68A1CE77E24009A22E5 /* Assets.xcassets in Resources */,
				EA56D6881CE77E24009A22E5 /* Main.storyboard in Resources */,
			);
			runOnlyForDeploymentPostprocessing = 0;
		};
/* End PBXResourcesBuildPhase section */

/* Begin PBXSourcesBuildPhase section */
		EA56D67B1CE77E24009A22E5 /* Sources */ = {
			isa = PBXSourcesBuildPhase;
			buildActionMask = 2147483647;
			files = (
				EA56D6851CE77E24009A22E5 /* ViewController.swift in Sources */,
				EA56D6951CE7815E009A22E5 /* TableViewController.swift in Sources */,
				EA56D6831CE77E24009A22E5 /* AppDelegate.swift in Sources */,
			);
			runOnlyForDeploymentPostprocessing = 0;
		};
/* End PBXSourcesBuildPhase section */

/* Begin PBXVariantGroup section */
		EA56D6861CE77E24009A22E5 /* Main.storyboard */ = {
			isa = PBXVariantGroup;
			children = (
				EA56D6871CE77E24009A22E5 /* Base */,
			);
			name = Main.storyboard;
			sourceTree = "<group>";
		};
		EA56D68B1CE77E24009A22E5 /* LaunchScreen.storyboard */ = {
			isa = PBXVariantGroup;
			children = (
				EA56D68C1CE77E24009A22E5 /* Base */,
			);
			name = LaunchScreen.storyboard;
			sourceTree = "<group>";
		};
/* End PBXVariantGroup section */

/* Begin XCBuildConfiguration section */
		EA56D68F1CE77E24009A22E5 /* Debug */ = {
			isa = XCBuildConfiguration;
			buildSettings = {
				ALWAYS_SEARCH_USER_PATHS = NO;
				CLANG_ANALYZER_NONNULL = YES;
				CLANG_CXX_LANGUAGE_STANDARD = "gnu++0x";
				CLANG_CXX_LIBRARY = "libc++";
				CLANG_ENABLE_MODULES = YES;
				CLANG_ENABLE_OBJC_ARC = YES;
				CLANG_WARN_BOOL_CONVERSION = YES;
				CLANG_WARN_CONSTANT_CONVERSION = YES;
				CLANG_WARN_DIRECT_OBJC_ISA_USAGE = YES_ERROR;
				CLANG_WARN_EMPTY_BODY = YES;
				CLANG_WARN_ENUM_CONVERSION = YES;
				CLANG_WARN_INT_CONVERSION = YES;
				CLANG_WARN_OBJC_ROOT_CLASS = YES_ERROR;
				CLANG_WARN_UNREACHABLE_CODE = YES;
				CLANG_WARN__DUPLICATE_METHOD_MATCH = YES;
				"CODE_SIGN_IDENTITY[sdk=iphoneos*]" = "iPhone Developer";
				COPY_PHASE_STRIP = NO;
				DEBUG_INFORMATION_FORMAT = dwarf;
				ENABLE_STRICT_OBJC_MSGSEND = YES;
				ENABLE_TESTABILITY = YES;
				GCC_C_LANGUAGE_STANDARD = gnu99;
				GCC_DYNAMIC_NO_PIC = NO;
				GCC_NO_COMMON_BLOCKS = YES;
				GCC_OPTIMIZATION_LEVEL = 0;
				GCC_PREPROCESSOR_DEFINITIONS = (
					"DEBUG=1",
					"$(inherited)",
				);
				GCC_WARN_64_TO_32_BIT_CONVERSION = YES;
				GCC_WARN_ABOUT_RETURN_TYPE = YES_ERROR;
				GCC_WARN_UNDECLARED_SELECTOR = YES;
				GCC_WARN_UNINITIALIZED_AUTOS = YES_AGGRESSIVE;
				GCC_WARN_UNUSED_FUNCTION = YES;
				GCC_WARN_UNUSED_VARIABLE = YES;
				IPHONEOS_DEPLOYMENT_TARGET = 9.3;
				MTL_ENABLE_DEBUG_INFO = YES;
				ONLY_ACTIVE_ARCH = YES;
				SDKROOT = iphoneos;
				SWIFT_OPTIMIZATION_LEVEL = "-Onone";
			};
			name = Debug;
		};
		EA56D6901CE77E24009A22E5 /* Release */ = {
			isa = XCBuildConfiguration;
			buildSettings = {
				ALWAYS_SEARCH_USER_PATHS = NO;
				CLANG_ANALYZER_NONNULL = YES;
				CLANG_CXX_LANGUAGE_STANDARD = "gnu++0x";
				CLANG_CXX_LIBRARY = "libc++";
				CLANG_ENABLE_MODULES = YES;
				CLANG_ENABLE_OBJC_ARC = YES;
				CLANG_WARN_BOOL_CONVERSION = YES;
				CLANG_WARN_CONSTANT_CONVERSION = YES;
				CLANG_WARN_DIRECT_OBJC_ISA_USAGE = YES_ERROR;
				CLANG_WARN_EMPTY_BODY = YES;
				CLANG_WARN_ENUM_CONVERSION = YES;
				CLANG_WARN_INT_CONVERSION = YES;
				CLANG_WARN_OBJC_ROOT_CLASS = YES_ERROR;
				CLANG_WARN_UNREACHABLE_CODE = YES;
				CLANG_WARN__DUPLICATE_METHOD_MATCH = YES;
				"CODE_SIGN_IDENTITY[sdk=iphoneos*]" = "iPhone Developer";
				COPY_PHASE_STRIP = NO;
				DEBUG_INFORMATION_FORMAT = "dwarf-with-dsym";
				ENABLE_NS_ASSERTIONS = NO;
				ENABLE_STRICT_OBJC_MSGSEND = YES;
				GCC_C_LANGUAGE_STANDARD = gnu99;
				GCC_NO_COMMON_BLOCKS = YES;
				GCC_WARN_64_TO_32_BIT_CONVERSION = YES;
				GCC_WARN_ABOUT_RETURN_TYPE = YES_ERROR;
				GCC_WARN_UNDECLARED_SELECTOR = YES;
				GCC_WARN_UNINITIALIZED_AUTOS = YES_AGGRESSIVE;
				GCC_WARN_UNUSED_FUNCTION = YES;
				GCC_WARN_UNUSED_VARIABLE = YES;
				IPHONEOS_DEPLOYMENT_TARGET = 9.3;
				MTL_ENABLE_DEBUG_INFO = NO;
				SDKROOT = iphoneos;
				VALIDATE_PRODUCT = YES;
			};
			name = Release;
		};
		EA56D6921CE77E24009A22E5 /* Debug */ = {
			isa = XCBuildConfiguration;
			buildSettings = {
				ASSETCATALOG_COMPILER_APPICON_NAME = AppIcon;
				INFOPLIST_FILE = "Summer Destination Wishlist/Info.plist";
				LD_RUNPATH_SEARCH_PATHS = "$(inherited) @executable_path/Frameworks";
				PRODUCT_BUNDLE_IDENTIFIER = "com.arulajmani.Summer-Destination-Wishlist";
				PRODUCT_NAME = "$(TARGET_NAME)";
			};
			name = Debug;
		};
		EA56D6931CE77E24009A22E5 /* Release */ = {
			isa = XCBuildConfiguration;
			buildSettings = {
				ASSETCATALOG_COMPILER_APPICON_NAME = AppIcon;
				INFOPLIST_FILE = "Summer Destination Wishlist/Info.plist";
				LD_RUNPATH_SEARCH_PATHS = "$(inherited) @executable_path/Frameworks";
				PRODUCT_BUNDLE_IDENTIFIER = "com.arulajmani.Summer-Destination-Wishlist";
				PRODUCT_NAME = "$(TARGET_NAME)";
			};
			name = Release;
		};
/* End XCBuildConfiguration section */

/* Begin XCConfigurationList section */
		EA56D67A1CE77E24009A22E5 /* Build configuration list for PBXProject "Summer Destination Wishlist" */ = {
			isa = XCConfigurationList;
			buildConfigurations = (
				EA56D68F1CE77E24009A22E5 /* Debug */,
				EA56D6901CE77E24009A22E5 /* Release */,
			);
			defaultConfigurationIsVisible = 0;
			defaultConfigurationName = Release;
		};
		EA56D6911CE77E24009A22E5 /* Build configuration list for PBXNativeTarget "Summer Destination Wishlist" */ = {
			isa = XCConfigurationList;
			buildConfigurations = (
				EA56D6921CE77E24009A22E5 /* Debug */,
				EA56D6931CE77E24009A22E5 /* Release */,
			);
			defaultConfigurationIsVisible = 0;
			defaultConfigurationName = Release;
		};
/* End XCConfigurationList section */
	};
	rootObject = EA56D6771CE77E24009A22E5 /* Project object */;
}
